// !$*UTF8*$!
{
	archiveVersion = 1;
	classes = {
	};
	objectVersion = 50;
	objects = {

/* Begin PBXBuildFile section */
		043A302921BAE52C009571EE /* AppDelegate.swift in Sources */ = {isa = PBXBuildFile; fileRef = 043A302821BAE52C009571EE /* AppDelegate.swift */; };
		043A302B21BAE52C009571EE /* MagnificationViewController.swift in Sources */ = {isa = PBXBuildFile; fileRef = 043A302A21BAE52C009571EE /* MagnificationViewController.swift */; };
		043A302E21BAE52C009571EE /* Main.storyboard in Resources */ = {isa = PBXBuildFile; fileRef = 043A302C21BAE52C009571EE /* Main.storyboard */; };
		043A303021BAE52F009571EE /* Assets.xcassets in Resources */ = {isa = PBXBuildFile; fileRef = 043A302F21BAE52F009571EE /* Assets.xcassets */; };
		043A303321BAE52F009571EE /* LaunchScreen.storyboard in Resources */ = {isa = PBXBuildFile; fileRef = 043A303121BAE52F009571EE /* LaunchScreen.storyboard */; };
		043A303E21BAE530009571EE /* MoeBambaTests.swift in Sources */ = {isa = PBXBuildFile; fileRef = 043A303D21BAE530009571EE /* MoeBambaTests.swift */; };
		043A304921BAE530009571EE /* MoeBambaUITests.swift in Sources */ = {isa = PBXBuildFile; fileRef = 043A304821BAE530009571EE /* MoeBambaUITests.swift */; };
		043A305721BAE801009571EE /* CameraSetup.swift in Sources */ = {isa = PBXBuildFile; fileRef = 043A305621BAE801009571EE /* CameraSetup.swift */; };
		043A305921BB05A1009571EE /* TrackingView.swift in Sources */ = {isa = PBXBuildFile; fileRef = 043A305821BB05A1009571EE /* TrackingView.swift */; };
		0444C78521E3C68B00FFD260 /* CameraPhoto.swift in Sources */ = {isa = PBXBuildFile; fileRef = 0444C78421E3C68B00FFD260 /* CameraPhoto.swift */; };
		0444C78721E3C6CC00FFD260 /* CameraOutput.swift in Sources */ = {isa = PBXBuildFile; fileRef = 0444C78621E3C6CC00FFD260 /* CameraOutput.swift */; };
		0444C78B21E4178600FFD260 /* SubscriptionManager.swift in Sources */ = {isa = PBXBuildFile; fileRef = 0444C78A21E4178600FFD260 /* SubscriptionManager.swift */; };
		0444C78E21E5642000FFD260 /* ProOffer.storyboard in Resources */ = {isa = PBXBuildFile; fileRef = 0444C78D21E5642000FFD260 /* ProOffer.storyboard */; };
		0444C79021E5677700FFD260 /* ProOfferViewController.swift in Sources */ = {isa = PBXBuildFile; fileRef = 0444C78F21E5677700FFD260 /* ProOfferViewController.swift */; };
		0444C79221E66F9200FFD260 /* LayoverExperience.swift in Sources */ = {isa = PBXBuildFile; fileRef = 0444C79121E66F9200FFD260 /* LayoverExperience.swift */; };
		04A95ACE21E9792300DA3C15 /* NoCameraAuth.storyboard in Resources */ = {isa = PBXBuildFile; fileRef = 04A95ACD21E9792300DA3C15 /* NoCameraAuth.storyboard */; };
		04A95AD021E9796A00DA3C15 /* NoCameraAuthViewController.swift in Sources */ = {isa = PBXBuildFile; fileRef = 04A95ACF21E9796A00DA3C15 /* NoCameraAuthViewController.swift */; };
		04A95AD321E9929E00DA3C15 /* ViewImage.storyboard in Resources */ = {isa = PBXBuildFile; fileRef = 04A95AD221E9929E00DA3C15 /* ViewImage.storyboard */; };
		04A95AD521E992B300DA3C15 /* ViewImageViewController.swift in Sources */ = {isa = PBXBuildFile; fileRef = 04A95AD421E992B300DA3C15 /* ViewImageViewController.swift */; };
		04A95AD721EA4D2400DA3C15 /* ImageScrollView.swift in Sources */ = {isa = PBXBuildFile; fileRef = 04A95AD621EA4D2400DA3C15 /* ImageScrollView.swift */; };
		04D920AF21FB722000519422 /* Messages.framework in Frameworks */ = {isa = PBXBuildFile; fileRef = 04D920AE21FB722000519422 /* Messages.framework */; };
		04D920B221FB722000519422 /* MessagesViewController.swift in Sources */ = {isa = PBXBuildFile; fileRef = 04D920B121FB722000519422 /* MessagesViewController.swift */; };
		04D920B521FB722000519422 /* MainInterface.storyboard in Resources */ = {isa = PBXBuildFile; fileRef = 04D920B321FB722000519422 /* MainInterface.storyboard */; };
		04D920B721FB722200519422 /* Assets.xcassets in Resources */ = {isa = PBXBuildFile; fileRef = 04D920B621FB722200519422 /* Assets.xcassets */; };
		04D920BB21FB722200519422 /* MagnificationExtension.appex in Embed App Extensions */ = {isa = PBXBuildFile; fileRef = 04D920AD21FB722000519422 /* MagnificationExtension.appex */; settings = {ATTRIBUTES = (RemoveHeadersOnCopy, ); }; };
		04D920C121FB752700519422 /* CameraStartup.swift in Sources */ = {isa = PBXBuildFile; fileRef = 04D920C021FB752700519422 /* CameraStartup.swift */; };
		04D920C321FB75B900519422 /* CameraMessagesOutput.swift in Sources */ = {isa = PBXBuildFile; fileRef = 04D920C221FB75B900519422 /* CameraMessagesOutput.swift */; };
		04D920C621FBB66F00519422 /* OutlineSetters.swift in Sources */ = {isa = PBXBuildFile; fileRef = 04D920C521FBB66F00519422 /* OutlineSetters.swift */; };
		04D920C721FBB67F00519422 /* TrackingView.swift in Sources */ = {isa = PBXBuildFile; fileRef = 043A305821BB05A1009571EE /* TrackingView.swift */; };
		04DA222221EBBB540054223C /* ViewControllerExtensions.swift in Sources */ = {isa = PBXBuildFile; fileRef = 04DA222121EBBB540054223C /* ViewControllerExtensions.swift */; };
		04DA222421ECF5AB0054223C /* CameraAnimations.swift in Sources */ = {isa = PBXBuildFile; fileRef = 04DA222321ECF5AB0054223C /* CameraAnimations.swift */; };
		04F7FA3C21C825F7002E5533 /* RectangleExtensions.swift in Sources */ = {isa = PBXBuildFile; fileRef = 04F7FA3B21C825F7002E5533 /* RectangleExtensions.swift */; };
		04F7FA3E21C87A7F002E5533 /* PhotoAlbum.swift in Sources */ = {isa = PBXBuildFile; fileRef = 04F7FA3D21C87A7F002E5533 /* PhotoAlbum.swift */; };
/* End PBXBuildFile section */

/* Begin PBXContainerItemProxy section */
		043A303A21BAE52F009571EE /* PBXContainerItemProxy */ = {
			isa = PBXContainerItemProxy;
			containerPortal = 043A301D21BAE52C009571EE /* Project object */;
			proxyType = 1;
			remoteGlobalIDString = 043A302421BAE52C009571EE;
			remoteInfo = MoeBamba;
		};
		043A304521BAE530009571EE /* PBXContainerItemProxy */ = {
			isa = PBXContainerItemProxy;
			containerPortal = 043A301D21BAE52C009571EE /* Project object */;
			proxyType = 1;
			remoteGlobalIDString = 043A302421BAE52C009571EE;
			remoteInfo = MoeBamba;
		};
		04D920B921FB722200519422 /* PBXContainerItemProxy */ = {
			isa = PBXContainerItemProxy;
			containerPortal = 043A301D21BAE52C009571EE /* Project object */;
			proxyType = 1;
			remoteGlobalIDString = 04D920AC21FB722000519422;
			remoteInfo = MagnificationExtension;
		};
/* End PBXContainerItemProxy section */

/* Begin PBXCopyFilesBuildPhase section */
		04D920BF21FB722200519422 /* Embed App Extensions */ = {
			isa = PBXCopyFilesBuildPhase;
			buildActionMask = 2147483647;
			dstPath = "";
			dstSubfolderSpec = 13;
			files = (
				04D920BB21FB722200519422 /* MagnificationExtension.appex in Embed App Extensions */,
			);
			name = "Embed App Extensions";
			runOnlyForDeploymentPostprocessing = 0;
		};
/* End PBXCopyFilesBuildPhase section */

/* Begin PBXFileReference section */
		043A302521BAE52C009571EE /* MoeBamba.app */ = {isa = PBXFileReference; explicitFileType = wrapper.application; includeInIndex = 0; path = MoeBamba.app; sourceTree = BUILT_PRODUCTS_DIR; };
		043A302821BAE52C009571EE /* AppDelegate.swift */ = {isa = PBXFileReference; lastKnownFileType = sourcecode.swift; path = AppDelegate.swift; sourceTree = "<group>"; };
		043A302A21BAE52C009571EE /* MagnificationViewController.swift */ = {isa = PBXFileReference; lastKnownFileType = sourcecode.swift; path = MagnificationViewController.swift; sourceTree = "<group>"; };
		043A302D21BAE52C009571EE /* Base */ = {isa = PBXFileReference; lastKnownFileType = file.storyboard; name = Base; path = Base.lproj/Main.storyboard; sourceTree = "<group>"; };
		043A302F21BAE52F009571EE /* Assets.xcassets */ = {isa = PBXFileReference; lastKnownFileType = folder.assetcatalog; path = Assets.xcassets; sourceTree = "<group>"; };
		043A303221BAE52F009571EE /* Base */ = {isa = PBXFileReference; lastKnownFileType = file.storyboard; name = Base; path = Base.lproj/LaunchScreen.storyboard; sourceTree = "<group>"; };
		043A303421BAE52F009571EE /* Info.plist */ = {isa = PBXFileReference; lastKnownFileType = text.plist.xml; path = Info.plist; sourceTree = "<group>"; };
		043A303921BAE52F009571EE /* MoeBambaTests.xctest */ = {isa = PBXFileReference; explicitFileType = wrapper.cfbundle; includeInIndex = 0; path = MoeBambaTests.xctest; sourceTree = BUILT_PRODUCTS_DIR; };
		043A303D21BAE530009571EE /* MoeBambaTests.swift */ = {isa = PBXFileReference; lastKnownFileType = sourcecode.swift; path = MoeBambaTests.swift; sourceTree = "<group>"; };
		043A303F21BAE530009571EE /* Info.plist */ = {isa = PBXFileReference; lastKnownFileType = text.plist.xml; path = Info.plist; sourceTree = "<group>"; };
		043A304421BAE530009571EE /* MoeBambaUITests.xctest */ = {isa = PBXFileReference; explicitFileType = wrapper.cfbundle; includeInIndex = 0; path = MoeBambaUITests.xctest; sourceTree = BUILT_PRODUCTS_DIR; };
		043A304821BAE530009571EE /* MoeBambaUITests.swift */ = {isa = PBXFileReference; lastKnownFileType = sourcecode.swift; path = MoeBambaUITests.swift; sourceTree = "<group>"; };
		043A304A21BAE530009571EE /* Info.plist */ = {isa = PBXFileReference; lastKnownFileType = text.plist.xml; path = Info.plist; sourceTree = "<group>"; };
		043A305621BAE801009571EE /* CameraSetup.swift */ = {isa = PBXFileReference; lastKnownFileType = sourcecode.swift; path = CameraSetup.swift; sourceTree = "<group>"; };
		043A305821BB05A1009571EE /* TrackingView.swift */ = {isa = PBXFileReference; lastKnownFileType = sourcecode.swift; path = TrackingView.swift; sourceTree = "<group>"; };
		0444C78421E3C68B00FFD260 /* CameraPhoto.swift */ = {isa = PBXFileReference; lastKnownFileType = sourcecode.swift; path = CameraPhoto.swift; sourceTree = "<group>"; };
		0444C78621E3C6CC00FFD260 /* CameraOutput.swift */ = {isa = PBXFileReference; lastKnownFileType = sourcecode.swift; path = CameraOutput.swift; sourceTree = "<group>"; };
		0444C78A21E4178600FFD260 /* SubscriptionManager.swift */ = {isa = PBXFileReference; lastKnownFileType = sourcecode.swift; path = SubscriptionManager.swift; sourceTree = "<group>"; };
		0444C78D21E5642000FFD260 /* ProOffer.storyboard */ = {isa = PBXFileReference; lastKnownFileType = file.storyboard; path = ProOffer.storyboard; sourceTree = "<group>"; };
		0444C78F21E5677700FFD260 /* ProOfferViewController.swift */ = {isa = PBXFileReference; lastKnownFileType = sourcecode.swift; path = ProOfferViewController.swift; sourceTree = "<group>"; };
		0444C79121E66F9200FFD260 /* LayoverExperience.swift */ = {isa = PBXFileReference; lastKnownFileType = sourcecode.swift; path = LayoverExperience.swift; sourceTree = "<group>"; };
		04A95ACD21E9792300DA3C15 /* NoCameraAuth.storyboard */ = {isa = PBXFileReference; lastKnownFileType = file.storyboard; path = NoCameraAuth.storyboard; sourceTree = "<group>"; };
		04A95ACF21E9796A00DA3C15 /* NoCameraAuthViewController.swift */ = {isa = PBXFileReference; lastKnownFileType = sourcecode.swift; path = NoCameraAuthViewController.swift; sourceTree = "<group>"; };
		04A95AD221E9929E00DA3C15 /* ViewImage.storyboard */ = {isa = PBXFileReference; lastKnownFileType = file.storyboard; path = ViewImage.storyboard; sourceTree = "<group>"; };
		04A95AD421E992B300DA3C15 /* ViewImageViewController.swift */ = {isa = PBXFileReference; lastKnownFileType = sourcecode.swift; path = ViewImageViewController.swift; sourceTree = "<group>"; };
		04A95AD621EA4D2400DA3C15 /* ImageScrollView.swift */ = {isa = PBXFileReference; lastKnownFileType = sourcecode.swift; path = ImageScrollView.swift; sourceTree = "<group>"; };
		04D920AD21FB722000519422 /* MagnificationExtension.appex */ = {isa = PBXFileReference; explicitFileType = "wrapper.app-extension"; includeInIndex = 0; path = MagnificationExtension.appex; sourceTree = BUILT_PRODUCTS_DIR; };
		04D920AE21FB722000519422 /* Messages.framework */ = {isa = PBXFileReference; lastKnownFileType = wrapper.framework; name = Messages.framework; path = System/Library/Frameworks/Messages.framework; sourceTree = SDKROOT; };
		04D920B121FB722000519422 /* MessagesViewController.swift */ = {isa = PBXFileReference; lastKnownFileType = sourcecode.swift; path = MessagesViewController.swift; sourceTree = "<group>"; };
		04D920B421FB722000519422 /* Base */ = {isa = PBXFileReference; lastKnownFileType = file.storyboard; name = Base; path = Base.lproj/MainInterface.storyboard; sourceTree = "<group>"; };
		04D920B621FB722200519422 /* Assets.xcassets */ = {isa = PBXFileReference; lastKnownFileType = folder.assetcatalog; path = Assets.xcassets; sourceTree = "<group>"; };
		04D920B821FB722200519422 /* Info.plist */ = {isa = PBXFileReference; lastKnownFileType = text.plist.xml; path = Info.plist; sourceTree = "<group>"; };
		04D920C021FB752700519422 /* CameraStartup.swift */ = {isa = PBXFileReference; lastKnownFileType = sourcecode.swift; path = CameraStartup.swift; sourceTree = "<group>"; };
		04D920C221FB75B900519422 /* CameraMessagesOutput.swift */ = {isa = PBXFileReference; lastKnownFileType = sourcecode.swift; path = CameraMessagesOutput.swift; sourceTree = "<group>"; };
		04D920C521FBB66F00519422 /* OutlineSetters.swift */ = {isa = PBXFileReference; lastKnownFileType = sourcecode.swift; path = OutlineSetters.swift; sourceTree = "<group>"; };
		04DA222121EBBB540054223C /* ViewControllerExtensions.swift */ = {isa = PBXFileReference; lastKnownFileType = sourcecode.swift; path = ViewControllerExtensions.swift; sourceTree = "<group>"; };
		04DA222321ECF5AB0054223C /* CameraAnimations.swift */ = {isa = PBXFileReference; lastKnownFileType = sourcecode.swift; path = CameraAnimations.swift; sourceTree = "<group>"; };
		04F7FA3B21C825F7002E5533 /* RectangleExtensions.swift */ = {isa = PBXFileReference; lastKnownFileType = sourcecode.swift; path = RectangleExtensions.swift; sourceTree = "<group>"; };
		04F7FA3D21C87A7F002E5533 /* PhotoAlbum.swift */ = {isa = PBXFileReference; lastKnownFileType = sourcecode.swift; path = PhotoAlbum.swift; sourceTree = "<group>"; };
/* End PBXFileReference section */

/* Begin PBXFrameworksBuildPhase section */
		043A302221BAE52C009571EE /* Frameworks */ = {
			isa = PBXFrameworksBuildPhase;
			buildActionMask = 2147483647;
			files = (
			);
			runOnlyForDeploymentPostprocessing = 0;
		};
		043A303621BAE52F009571EE /* Frameworks */ = {
			isa = PBXFrameworksBuildPhase;
			buildActionMask = 2147483647;
			files = (
			);
			runOnlyForDeploymentPostprocessing = 0;
		};
		043A304121BAE530009571EE /* Frameworks */ = {
			isa = PBXFrameworksBuildPhase;
			buildActionMask = 2147483647;
			files = (
			);
			runOnlyForDeploymentPostprocessing = 0;
		};
		04D920AA21FB722000519422 /* Frameworks */ = {
			isa = PBXFrameworksBuildPhase;
			buildActionMask = 2147483647;
			files = (
				04D920AF21FB722000519422 /* Messages.framework in Frameworks */,
			);
			runOnlyForDeploymentPostprocessing = 0;
		};
/* End PBXFrameworksBuildPhase section */

/* Begin PBXGroup section */
		043A301C21BAE52C009571EE = {
			isa = PBXGroup;
			children = (
				043A302721BAE52C009571EE /* MoeBamba */,
				043A303C21BAE530009571EE /* MoeBambaTests */,
				043A304721BAE530009571EE /* MoeBambaUITests */,
				04D920B021FB722000519422 /* MagnificationExtension */,
				043A302621BAE52C009571EE /* Products */,
				04A95AC921E7A9BB00DA3C15 /* Frameworks */,
			);
			sourceTree = "<group>";
		};
		043A302621BAE52C009571EE /* Products */ = {
			isa = PBXGroup;
			children = (
				043A302521BAE52C009571EE /* MoeBamba.app */,
				043A303921BAE52F009571EE /* MoeBambaTests.xctest */,
				043A304421BAE530009571EE /* MoeBambaUITests.xctest */,
				04D920AD21FB722000519422 /* MagnificationExtension.appex */,
			);
			name = Products;
			sourceTree = "<group>";
		};
		043A302721BAE52C009571EE /* MoeBamba */ = {
			isa = PBXGroup;
			children = (
				043A302821BAE52C009571EE /* AppDelegate.swift */,
				0444C78A21E4178600FFD260 /* SubscriptionManager.swift */,
				04F7FA3D21C87A7F002E5533 /* PhotoAlbum.swift */,
				0444C78821E3C71B00FFD260 /* Mag */,
				04A95AD121E9928800DA3C15 /* View Image */,
				04A95ACC21E977A400DA3C15 /* No Camera Auth */,
				0444C78C21E5611700FFD260 /* Go Pro */,
				0444C78921E3C74D00FFD260 /* Extensions */,
				043A302F21BAE52F009571EE /* Assets.xcassets */,
				043A303121BAE52F009571EE /* LaunchScreen.storyboard */,
				043A303421BAE52F009571EE /* Info.plist */,
			);
			path = MoeBamba;
			sourceTree = "<group>";
		};
		043A303C21BAE530009571EE /* MoeBambaTests */ = {
			isa = PBXGroup;
			children = (
				043A303D21BAE530009571EE /* MoeBambaTests.swift */,
				043A303F21BAE530009571EE /* Info.plist */,
			);
			path = MoeBambaTests;
			sourceTree = "<group>";
		};
		043A304721BAE530009571EE /* MoeBambaUITests */ = {
			isa = PBXGroup;
			children = (
				043A304821BAE530009571EE /* MoeBambaUITests.swift */,
				043A304A21BAE530009571EE /* Info.plist */,
			);
			path = MoeBambaUITests;
			sourceTree = "<group>";
		};
		0444C78821E3C71B00FFD260 /* Mag */ = {
			isa = PBXGroup;
			children = (
				043A302C21BAE52C009571EE /* Main.storyboard */,
				043A302A21BAE52C009571EE /* MagnificationViewController.swift */,
				043A305621BAE801009571EE /* CameraSetup.swift */,
				0444C78621E3C6CC00FFD260 /* CameraOutput.swift */,
				0444C78421E3C68B00FFD260 /* CameraPhoto.swift */,
				04DA222321ECF5AB0054223C /* CameraAnimations.swift */,
				0444C79121E66F9200FFD260 /* LayoverExperience.swift */,
				043A305821BB05A1009571EE /* TrackingView.swift */,
			);
			path = Mag;
			sourceTree = "<group>";
		};
		0444C78921E3C74D00FFD260 /* Extensions */ = {
			isa = PBXGroup;
			children = (
				04F7FA3B21C825F7002E5533 /* RectangleExtensions.swift */,
				04DA222121EBBB540054223C /* ViewControllerExtensions.swift */,
			);
			path = Extensions;
			sourceTree = "<group>";
		};
		0444C78C21E5611700FFD260 /* Go Pro */ = {
			isa = PBXGroup;
			children = (
				0444C78D21E5642000FFD260 /* ProOffer.storyboard */,
				0444C78F21E5677700FFD260 /* ProOfferViewController.swift */,
			);
			path = "Go Pro";
			sourceTree = "<group>";
		};
		04A95AC921E7A9BB00DA3C15 /* Frameworks */ = {
			isa = PBXGroup;
			children = (
				04D920AE21FB722000519422 /* Messages.framework */,
			);
			name = Frameworks;
			sourceTree = "<group>";
		};
		04A95ACC21E977A400DA3C15 /* No Camera Auth */ = {
			isa = PBXGroup;
			children = (
				04A95ACD21E9792300DA3C15 /* NoCameraAuth.storyboard */,
				04A95ACF21E9796A00DA3C15 /* NoCameraAuthViewController.swift */,
			);
			path = "No Camera Auth";
			sourceTree = "<group>";
		};
		04A95AD121E9928800DA3C15 /* View Image */ = {
			isa = PBXGroup;
			children = (
				04A95AD221E9929E00DA3C15 /* ViewImage.storyboard */,
				04A95AD421E992B300DA3C15 /* ViewImageViewController.swift */,
				04A95AD621EA4D2400DA3C15 /* ImageScrollView.swift */,
			);
			path = "View Image";
			sourceTree = "<group>";
		};
		04D920B021FB722000519422 /* MagnificationExtension */ = {
			isa = PBXGroup;
			children = (
				04D920B121FB722000519422 /* MessagesViewController.swift */,
				04D920C021FB752700519422 /* CameraStartup.swift */,
				04D920C521FBB66F00519422 /* OutlineSetters.swift */,
				04D920C221FB75B900519422 /* CameraMessagesOutput.swift */,
				04D920B321FB722000519422 /* MainInterface.storyboard */,
				04D920B621FB722200519422 /* Assets.xcassets */,
				04D920B821FB722200519422 /* Info.plist */,
			);
			path = MagnificationExtension;
			sourceTree = "<group>";
		};
/* End PBXGroup section */

/* Begin PBXNativeTarget section */
		043A302421BAE52C009571EE /* MoeBamba */ = {
			isa = PBXNativeTarget;
			buildConfigurationList = 043A304D21BAE530009571EE /* Build configuration list for PBXNativeTarget "MoeBamba" */;
			buildPhases = (
				043A302121BAE52C009571EE /* Sources */,
				043A302221BAE52C009571EE /* Frameworks */,
				043A302321BAE52C009571EE /* Resources */,
				04D920BF21FB722200519422 /* Embed App Extensions */,
			);
			buildRules = (
			);
			dependencies = (
				04D920BA21FB722200519422 /* PBXTargetDependency */,
			);
			name = MoeBamba;
			productName = MoeBamba;
			productReference = 043A302521BAE52C009571EE /* MoeBamba.app */;
			productType = "com.apple.product-type.application";
		};
		043A303821BAE52F009571EE /* MoeBambaTests */ = {
			isa = PBXNativeTarget;
			buildConfigurationList = 043A305021BAE530009571EE /* Build configuration list for PBXNativeTarget "MoeBambaTests" */;
			buildPhases = (
				043A303521BAE52F009571EE /* Sources */,
				043A303621BAE52F009571EE /* Frameworks */,
				043A303721BAE52F009571EE /* Resources */,
			);
			buildRules = (
			);
			dependencies = (
				043A303B21BAE52F009571EE /* PBXTargetDependency */,
			);
			name = MoeBambaTests;
			productName = MoeBambaTests;
			productReference = 043A303921BAE52F009571EE /* MoeBambaTests.xctest */;
			productType = "com.apple.product-type.bundle.unit-test";
		};
		043A304321BAE530009571EE /* MoeBambaUITests */ = {
			isa = PBXNativeTarget;
			buildConfigurationList = 043A305321BAE530009571EE /* Build configuration list for PBXNativeTarget "MoeBambaUITests" */;
			buildPhases = (
				043A304021BAE530009571EE /* Sources */,
				043A304121BAE530009571EE /* Frameworks */,
				043A304221BAE530009571EE /* Resources */,
			);
			buildRules = (
			);
			dependencies = (
				043A304621BAE530009571EE /* PBXTargetDependency */,
			);
			name = MoeBambaUITests;
			productName = MoeBambaUITests;
			productReference = 043A304421BAE530009571EE /* MoeBambaUITests.xctest */;
			productType = "com.apple.product-type.bundle.ui-testing";
		};
		04D920AC21FB722000519422 /* MagnificationExtension */ = {
			isa = PBXNativeTarget;
			buildConfigurationList = 04D920BC21FB722200519422 /* Build configuration list for PBXNativeTarget "MagnificationExtension" */;
			buildPhases = (
				04D920A921FB722000519422 /* Sources */,
				04D920AA21FB722000519422 /* Frameworks */,
				04D920AB21FB722000519422 /* Resources */,
			);
			buildRules = (
			);
			dependencies = (
			);
			name = MagnificationExtension;
			productName = MagnificationExtension;
			productReference = 04D920AD21FB722000519422 /* MagnificationExtension.appex */;
			productType = "com.apple.product-type.app-extension.messages";
		};
/* End PBXNativeTarget section */

/* Begin PBXProject section */
		043A301D21BAE52C009571EE /* Project object */ = {
			isa = PBXProject;
			attributes = {
				LastSwiftUpdateCheck = 1010;
				LastUpgradeCheck = 1010;
				ORGANIZATIONNAME = JNB;
				TargetAttributes = {
					043A302421BAE52C009571EE = {
						CreatedOnToolsVersion = 10.1;
						LastSwiftMigration = 1130;
						SystemCapabilities = {
							com.apple.InAppPurchase = {
								enabled = 0;
							};
						};
					};
					043A303821BAE52F009571EE = {
						CreatedOnToolsVersion = 10.1;
						LastSwiftMigration = 1130;
						TestTargetID = 043A302421BAE52C009571EE;
					};
					043A304321BAE530009571EE = {
						CreatedOnToolsVersion = 10.1;
						LastSwiftMigration = 1130;
						TestTargetID = 043A302421BAE52C009571EE;
					};
					04D920AC21FB722000519422 = {
						CreatedOnToolsVersion = 10.1;
						LastSwiftMigration = 1130;
					};
				};
			};
			buildConfigurationList = 043A302021BAE52C009571EE /* Build configuration list for PBXProject "MoeBamba" */;
			compatibilityVersion = "Xcode 9.3";
			developmentRegion = en;
			hasScannedForEncodings = 0;
			knownRegions = (
				en,
				Base,
			);
			mainGroup = 043A301C21BAE52C009571EE;
			productRefGroup = 043A302621BAE52C009571EE /* Products */;
			projectDirPath = "";
			projectRoot = "";
			targets = (
				043A302421BAE52C009571EE /* MoeBamba */,
				043A303821BAE52F009571EE /* MoeBambaTests */,
				043A304321BAE530009571EE /* MoeBambaUITests */,
				04D920AC21FB722000519422 /* MagnificationExtension */,
			);
		};
/* End PBXProject section */

/* Begin PBXResourcesBuildPhase section */
		043A302321BAE52C009571EE /* Resources */ = {
			isa = PBXResourcesBuildPhase;
			buildActionMask = 2147483647;
			files = (
				043A303321BAE52F009571EE /* LaunchScreen.storyboard in Resources */,
				0444C78E21E5642000FFD260 /* ProOffer.storyboard in Resources */,
				043A303021BAE52F009571EE /* Assets.xcassets in Resources */,
				04A95AD321E9929E00DA3C15 /* ViewImage.storyboard in Resources */,
				04A95ACE21E9792300DA3C15 /* NoCameraAuth.storyboard in Resources */,
				043A302E21BAE52C009571EE /* Main.storyboard in Resources */,
			);
			runOnlyForDeploymentPostprocessing = 0;
		};
		043A303721BAE52F009571EE /* Resources */ = {
			isa = PBXResourcesBuildPhase;
			buildActionMask = 2147483647;
			files = (
			);
			runOnlyForDeploymentPostprocessing = 0;
		};
		043A304221BAE530009571EE /* Resources */ = {
			isa = PBXResourcesBuildPhase;
			buildActionMask = 2147483647;
			files = (
			);
			runOnlyForDeploymentPostprocessing = 0;
		};
		04D920AB21FB722000519422 /* Resources */ = {
			isa = PBXResourcesBuildPhase;
			buildActionMask = 2147483647;
			files = (
				04D920B721FB722200519422 /* Assets.xcassets in Resources */,
				04D920B521FB722000519422 /* MainInterface.storyboard in Resources */,
			);
			runOnlyForDeploymentPostprocessing = 0;
		};
/* End PBXResourcesBuildPhase section */

/* Begin PBXSourcesBuildPhase section */
		043A302121BAE52C009571EE /* Sources */ = {
			isa = PBXSourcesBuildPhase;
			buildActionMask = 2147483647;
			files = (
				0444C79221E66F9200FFD260 /* LayoverExperience.swift in Sources */,
				0444C78B21E4178600FFD260 /* SubscriptionManager.swift in Sources */,
				04DA222421ECF5AB0054223C /* CameraAnimations.swift in Sources */,
				04A95AD021E9796A00DA3C15 /* NoCameraAuthViewController.swift in Sources */,
				04A95AD521E992B300DA3C15 /* ViewImageViewController.swift in Sources */,
				0444C79021E5677700FFD260 /* ProOfferViewController.swift in Sources */,
				043A305721BAE801009571EE /* CameraSetup.swift in Sources */,
				0444C78521E3C68B00FFD260 /* CameraPhoto.swift in Sources */,
				04F7FA3C21C825F7002E5533 /* RectangleExtensions.swift in Sources */,
				04DA222221EBBB540054223C /* ViewControllerExtensions.swift in Sources */,
				04F7FA3E21C87A7F002E5533 /* PhotoAlbum.swift in Sources */,
				043A302B21BAE52C009571EE /* MagnificationViewController.swift in Sources */,
				043A302921BAE52C009571EE /* AppDelegate.swift in Sources */,
				04A95AD721EA4D2400DA3C15 /* ImageScrollView.swift in Sources */,
				043A305921BB05A1009571EE /* TrackingView.swift in Sources */,
				0444C78721E3C6CC00FFD260 /* CameraOutput.swift in Sources */,
			);
			runOnlyForDeploymentPostprocessing = 0;
		};
		043A303521BAE52F009571EE /* Sources */ = {
			isa = PBXSourcesBuildPhase;
			buildActionMask = 2147483647;
			files = (
				043A303E21BAE530009571EE /* MoeBambaTests.swift in Sources */,
			);
			runOnlyForDeploymentPostprocessing = 0;
		};
		043A304021BAE530009571EE /* Sources */ = {
			isa = PBXSourcesBuildPhase;
			buildActionMask = 2147483647;
			files = (
				043A304921BAE530009571EE /* MoeBambaUITests.swift in Sources */,
			);
			runOnlyForDeploymentPostprocessing = 0;
		};
		04D920A921FB722000519422 /* Sources */ = {
			isa = PBXSourcesBuildPhase;
			buildActionMask = 2147483647;
			files = (
				04D920C121FB752700519422 /* CameraStartup.swift in Sources */,
				04D920C621FBB66F00519422 /* OutlineSetters.swift in Sources */,
				04D920C721FBB67F00519422 /* TrackingView.swift in Sources */,
				04D920C321FB75B900519422 /* CameraMessagesOutput.swift in Sources */,
				04D920B221FB722000519422 /* MessagesViewController.swift in Sources */,
			);
			runOnlyForDeploymentPostprocessing = 0;
		};
/* End PBXSourcesBuildPhase section */

/* Begin PBXTargetDependency section */
		043A303B21BAE52F009571EE /* PBXTargetDependency */ = {
			isa = PBXTargetDependency;
			target = 043A302421BAE52C009571EE /* MoeBamba */;
			targetProxy = 043A303A21BAE52F009571EE /* PBXContainerItemProxy */;
		};
		043A304621BAE530009571EE /* PBXTargetDependency */ = {
			isa = PBXTargetDependency;
			target = 043A302421BAE52C009571EE /* MoeBamba */;
			targetProxy = 043A304521BAE530009571EE /* PBXContainerItemProxy */;
		};
		04D920BA21FB722200519422 /* PBXTargetDependency */ = {
			isa = PBXTargetDependency;
			target = 04D920AC21FB722000519422 /* MagnificationExtension */;
			targetProxy = 04D920B921FB722200519422 /* PBXContainerItemProxy */;
		};
/* End PBXTargetDependency section */

/* Begin PBXVariantGroup section */
		043A302C21BAE52C009571EE /* Main.storyboard */ = {
			isa = PBXVariantGroup;
			children = (
				043A302D21BAE52C009571EE /* Base */,
			);
			name = Main.storyboard;
			sourceTree = "<group>";
		};
		043A303121BAE52F009571EE /* LaunchScreen.storyboard */ = {
			isa = PBXVariantGroup;
			children = (
				043A303221BAE52F009571EE /* Base */,
			);
			name = LaunchScreen.storyboard;
			sourceTree = "<group>";
		};
		04D920B321FB722000519422 /* MainInterface.storyboard */ = {
			isa = PBXVariantGroup;
			children = (
				04D920B421FB722000519422 /* Base */,
			);
			name = MainInterface.storyboard;
			sourceTree = "<group>";
		};
/* End PBXVariantGroup section */

/* Begin XCBuildConfiguration section */
		043A304B21BAE530009571EE /* Debug */ = {
			isa = XCBuildConfiguration;
			buildSettings = {
				ALWAYS_SEARCH_USER_PATHS = NO;
				CLANG_ANALYZER_NONNULL = YES;
				CLANG_ANALYZER_NUMBER_OBJECT_CONVERSION = YES_AGGRESSIVE;
				CLANG_CXX_LANGUAGE_STANDARD = "gnu++14";
				CLANG_CXX_LIBRARY = "libc++";
				CLANG_ENABLE_MODULES = YES;
				CLANG_ENABLE_OBJC_ARC = YES;
				CLANG_ENABLE_OBJC_WEAK = YES;
				CLANG_WARN_BLOCK_CAPTURE_AUTORELEASING = YES;
				CLANG_WARN_BOOL_CONVERSION = YES;
				CLANG_WARN_COMMA = YES;
				CLANG_WARN_CONSTANT_CONVERSION = YES;
				CLANG_WARN_DEPRECATED_OBJC_IMPLEMENTATIONS = YES;
				CLANG_WARN_DIRECT_OBJC_ISA_USAGE = YES_ERROR;
				CLANG_WARN_DOCUMENTATION_COMMENTS = YES;
				CLANG_WARN_EMPTY_BODY = YES;
				CLANG_WARN_ENUM_CONVERSION = YES;
				CLANG_WARN_INFINITE_RECURSION = YES;
				CLANG_WARN_INT_CONVERSION = YES;
				CLANG_WARN_NON_LITERAL_NULL_CONVERSION = YES;
				CLANG_WARN_OBJC_IMPLICIT_RETAIN_SELF = YES;
				CLANG_WARN_OBJC_LITERAL_CONVERSION = YES;
				CLANG_WARN_OBJC_ROOT_CLASS = YES_ERROR;
				CLANG_WARN_RANGE_LOOP_ANALYSIS = YES;
				CLANG_WARN_STRICT_PROTOTYPES = YES;
				CLANG_WARN_SUSPICIOUS_MOVE = YES;
				CLANG_WARN_UNGUARDED_AVAILABILITY = YES_AGGRESSIVE;
				CLANG_WARN_UNREACHABLE_CODE = YES;
				CLANG_WARN__DUPLICATE_METHOD_MATCH = YES;
				CODE_SIGN_IDENTITY = "iPhone Developer";
				COPY_PHASE_STRIP = NO;
				DEBUG_INFORMATION_FORMAT = dwarf;
				ENABLE_STRICT_OBJC_MSGSEND = YES;
				ENABLE_TESTABILITY = YES;
				GCC_C_LANGUAGE_STANDARD = gnu11;
				GCC_DYNAMIC_NO_PIC = NO;
				GCC_NO_COMMON_BLOCKS = YES;
				GCC_OPTIMIZATION_LEVEL = 0;
				GCC_PREPROCESSOR_DEFINITIONS = (
					"DEBUG=1",
					"$(inherited)",
				);
				GCC_WARN_64_TO_32_BIT_CONVERSION = YES;
				GCC_WARN_ABOUT_RETURN_TYPE = YES_ERROR;
				GCC_WARN_UNDECLARED_SELECTOR = YES;
				GCC_WARN_UNINITIALIZED_AUTOS = YES_AGGRESSIVE;
				GCC_WARN_UNUSED_FUNCTION = YES;
				GCC_WARN_UNUSED_VARIABLE = YES;
				IPHONEOS_DEPLOYMENT_TARGET = 12.1;
				MTL_ENABLE_DEBUG_INFO = INCLUDE_SOURCE;
				MTL_FAST_MATH = YES;
				ONLY_ACTIVE_ARCH = YES;
				SDKROOT = iphoneos;
				SWIFT_ACTIVE_COMPILATION_CONDITIONS = DEBUG;
				SWIFT_OPTIMIZATION_LEVEL = "-Onone";
			};
			name = Debug;
		};
		043A304C21BAE530009571EE /* Release */ = {
			isa = XCBuildConfiguration;
			buildSettings = {
				ALWAYS_SEARCH_USER_PATHS = NO;
				CLANG_ANALYZER_NONNULL = YES;
				CLANG_ANALYZER_NUMBER_OBJECT_CONVERSION = YES_AGGRESSIVE;
				CLANG_CXX_LANGUAGE_STANDARD = "gnu++14";
				CLANG_CXX_LIBRARY = "libc++";
				CLANG_ENABLE_MODULES = YES;
				CLANG_ENABLE_OBJC_ARC = YES;
				CLANG_ENABLE_OBJC_WEAK = YES;
				CLANG_WARN_BLOCK_CAPTURE_AUTORELEASING = YES;
				CLANG_WARN_BOOL_CONVERSION = YES;
				CLANG_WARN_COMMA = YES;
				CLANG_WARN_CONSTANT_CONVERSION = YES;
				CLANG_WARN_DEPRECATED_OBJC_IMPLEMENTATIONS = YES;
				CLANG_WARN_DIRECT_OBJC_ISA_USAGE = YES_ERROR;
				CLANG_WARN_DOCUMENTATION_COMMENTS = YES;
				CLANG_WARN_EMPTY_BODY = YES;
				CLANG_WARN_ENUM_CONVERSION = YES;
				CLANG_WARN_INFINITE_RECURSION = YES;
				CLANG_WARN_INT_CONVERSION = YES;
				CLANG_WARN_NON_LITERAL_NULL_CONVERSION = YES;
				CLANG_WARN_OBJC_IMPLICIT_RETAIN_SELF = YES;
				CLANG_WARN_OBJC_LITERAL_CONVERSION = YES;
				CLANG_WARN_OBJC_ROOT_CLASS = YES_ERROR;
				CLANG_WARN_RANGE_LOOP_ANALYSIS = YES;
				CLANG_WARN_STRICT_PROTOTYPES = YES;
				CLANG_WARN_SUSPICIOUS_MOVE = YES;
				CLANG_WARN_UNGUARDED_AVAILABILITY = YES_AGGRESSIVE;
				CLANG_WARN_UNREACHABLE_CODE = YES;
				CLANG_WARN__DUPLICATE_METHOD_MATCH = YES;
				CODE_SIGN_IDENTITY = "iPhone Developer";
				COPY_PHASE_STRIP = NO;
				DEBUG_INFORMATION_FORMAT = "dwarf-with-dsym";
				ENABLE_NS_ASSERTIONS = NO;
				ENABLE_STRICT_OBJC_MSGSEND = YES;
				GCC_C_LANGUAGE_STANDARD = gnu11;
				GCC_NO_COMMON_BLOCKS = YES;
				GCC_WARN_64_TO_32_BIT_CONVERSION = YES;
				GCC_WARN_ABOUT_RETURN_TYPE = YES_ERROR;
				GCC_WARN_UNDECLARED_SELECTOR = YES;
				GCC_WARN_UNINITIALIZED_AUTOS = YES_AGGRESSIVE;
				GCC_WARN_UNUSED_FUNCTION = YES;
				GCC_WARN_UNUSED_VARIABLE = YES;
				IPHONEOS_DEPLOYMENT_TARGET = 12.1;
				MTL_ENABLE_DEBUG_INFO = NO;
				MTL_FAST_MATH = YES;
				SDKROOT = iphoneos;
				SWIFT_COMPILATION_MODE = wholemodule;
				SWIFT_OPTIMIZATION_LEVEL = "-O";
				VALIDATE_PRODUCT = YES;
			};
			name = Release;
		};
		043A304E21BAE530009571EE /* Debug */ = {
			isa = XCBuildConfiguration;
			buildSettings = {
				ALWAYS_EMBED_SWIFT_STANDARD_LIBRARIES = YES;
				ASSETCATALOG_COMPILER_APPICON_NAME = AppIcon;
				CODE_SIGN_IDENTITY = "iPhone Developer";
				CODE_SIGN_STYLE = Automatic;
				DEVELOPMENT_TEAM = VAR7436X2W;
				INFOPLIST_FILE = MoeBamba/Info.plist;
				IPHONEOS_DEPLOYMENT_TARGET = 11.0;
				LD_RUNPATH_SEARCH_PATHS = (
					"$(inherited)",
					"@executable_path/Frameworks",
				);
				PRODUCT_BUNDLE_IDENTIFIER = RBII.MoeBamba;
				PRODUCT_NAME = "$(TARGET_NAME)";
				PROVISIONING_PROFILE_SPECIFIER = "";
				SWIFT_VERSION = 5.0;
				TARGETED_DEVICE_FAMILY = "1,2";
			};
			name = Debug;
		};
		043A304F21BAE530009571EE /* Release */ = {
			isa = XCBuildConfiguration;
			buildSettings = {
				ALWAYS_EMBED_SWIFT_STANDARD_LIBRARIES = YES;
				ASSETCATALOG_COMPILER_APPICON_NAME = AppIcon;
				CODE_SIGN_IDENTITY = "iPhone Developer";
				CODE_SIGN_STYLE = Automatic;
				DEVELOPMENT_TEAM = VAR7436X2W;
				INFOPLIST_FILE = MoeBamba/Info.plist;
				IPHONEOS_DEPLOYMENT_TARGET = 11.0;
				LD_RUNPATH_SEARCH_PATHS = (
					"$(inherited)",
					"@executable_path/Frameworks",
				);
				PRODUCT_BUNDLE_IDENTIFIER = RBII.MoeBamba;
				PRODUCT_NAME = "$(TARGET_NAME)";
				PROVISIONING_PROFILE_SPECIFIER = "";
				SWIFT_VERSION = 5.0;
				TARGETED_DEVICE_FAMILY = "1,2";
			};
			name = Release;
		};
		043A305121BAE530009571EE /* Debug */ = {
			isa = XCBuildConfiguration;
			buildSettings = {
				ALWAYS_EMBED_SWIFT_STANDARD_LIBRARIES = YES;
				BUNDLE_LOADER = "$(TEST_HOST)";
				CODE_SIGN_STYLE = Automatic;
				DEVELOPMENT_TEAM = VAR7436X2W;
				INFOPLIST_FILE = MoeBambaTests/Info.plist;
				LD_RUNPATH_SEARCH_PATHS = (
					"$(inherited)",
					"@executable_path/Frameworks",
					"@loader_path/Frameworks",
				);
				PRODUCT_BUNDLE_IDENTIFIER = RBII.MoeBambaTests;
				PRODUCT_NAME = "$(TARGET_NAME)";
				SWIFT_VERSION = 5.0;
				TARGETED_DEVICE_FAMILY = "1,2";
				TEST_HOST = "$(BUILT_PRODUCTS_DIR)/MoeBamba.app/MoeBamba";
			};
			name = Debug;
		};
		043A305221BAE530009571EE /* Release */ = {
			isa = XCBuildConfiguration;
			buildSettings = {
				ALWAYS_EMBED_SWIFT_STANDARD_LIBRARIES = YES;
				BUNDLE_LOADER = "$(TEST_HOST)";
				CODE_SIGN_STYLE = Automatic;
				DEVELOPMENT_TEAM = VAR7436X2W;
				INFOPLIST_FILE = MoeBambaTests/Info.plist;
				LD_RUNPATH_SEARCH_PATHS = (
					"$(inherited)",
					"@executable_path/Frameworks",
					"@loader_path/Frameworks",
				);
				PRODUCT_BUNDLE_IDENTIFIER = RBII.MoeBambaTests;
				PRODUCT_NAME = "$(TARGET_NAME)";
				SWIFT_VERSION = 5.0;
				TARGETED_DEVICE_FAMILY = "1,2";
				TEST_HOST = "$(BUILT_PRODUCTS_DIR)/MoeBamba.app/MoeBamba";
			};
			name = Release;
		};
		043A305421BAE530009571EE /* Debug */ = {
			isa = XCBuildConfiguration;
			buildSettings = {
				ALWAYS_EMBED_SWIFT_STANDARD_LIBRARIES = YES;
				CODE_SIGN_STYLE = Automatic;
				DEVELOPMENT_TEAM = VAR7436X2W;
				INFOPLIST_FILE = MoeBambaUITests/Info.plist;
				LD_RUNPATH_SEARCH_PATHS = (
					"$(inherited)",
					"@executable_path/Frameworks",
					"@loader_path/Frameworks",
				);
				PRODUCT_BUNDLE_IDENTIFIER = RBII.MoeBambaUITests;
				PRODUCT_NAME = "$(TARGET_NAME)";
				SWIFT_VERSION = 5.0;
				TARGETED_DEVICE_FAMILY = "1,2";
				TEST_TARGET_NAME = MoeBamba;
			};
			name = Debug;
		};
		043A305521BAE530009571EE /* Release */ = {
			isa = XCBuildConfiguration;
			buildSettings = {
				ALWAYS_EMBED_SWIFT_STANDARD_LIBRARIES = YES;
				CODE_SIGN_STYLE = Automatic;
				DEVELOPMENT_TEAM = VAR7436X2W;
				INFOPLIST_FILE = MoeBambaUITests/Info.plist;
				LD_RUNPATH_SEARCH_PATHS = (
					"$(inherited)",
					"@executable_path/Frameworks",
					"@loader_path/Frameworks",
				);
				PRODUCT_BUNDLE_IDENTIFIER = RBII.MoeBambaUITests;
				PRODUCT_NAME = "$(TARGET_NAME)";
				SWIFT_VERSION = 5.0;
				TARGETED_DEVICE_FAMILY = "1,2";
				TEST_TARGET_NAME = MoeBamba;
			};
			name = Release;
		};
		04D920BD21FB722200519422 /* Debug */ = {
			isa = XCBuildConfiguration;
			buildSettings = {
				ASSETCATALOG_COMPILER_APPICON_NAME = "iMessage App Icon";
				CODE_SIGN_IDENTITY = "iPhone Developer";
				CODE_SIGN_STYLE = Automatic;
				DEVELOPMENT_TEAM = VAR7436X2W;
				INFOPLIST_FILE = MagnificationExtension/Info.plist;
				LD_RUNPATH_SEARCH_PATHS = (
					"$(inherited)",
					"@executable_path/Frameworks",
					"@executable_path/../../Frameworks",
				);
				PRODUCT_BUNDLE_IDENTIFIER = RBII.MoeBamba.MagnificationExtension;
				PRODUCT_NAME = "$(TARGET_NAME)";
				SKIP_INSTALL = YES;
				SWIFT_VERSION = 5.0;
				TARGETED_DEVICE_FAMILY = "1,2";
			};
			name = Debug;
		};
		04D920BE21FB722200519422 /* Release */ = {
			isa = XCBuildConfiguration;
			buildSettings = {
				ASSETCATALOG_COMPILER_APPICON_NAME = "iMessage App Icon";
				CODE_SIGN_IDENTITY = "iPhone Developer";
				CODE_SIGN_STYLE = Automatic;
				DEVELOPMENT_TEAM = VAR7436X2W;
				INFOPLIST_FILE = MagnificationExtension/Info.plist;
				LD_RUNPATH_SEARCH_PATHS = (
					"$(inherited)",
					"@executable_path/Frameworks",
					"@executable_path/../../Frameworks",
				);
				PRODUCT_BUNDLE_IDENTIFIER = RBII.MoeBamba.MagnificationExtension;
				PRODUCT_NAME = "$(TARGET_NAME)";
				SKIP_INSTALL = YES;
				SWIFT_VERSION = 5.0;
				TARGETED_DEVICE_FAMILY = "1,2";
			};
			name = Release;
		};
/* End XCBuildConfiguration section */

/* Begin XCConfigurationList section */
		043A302021BAE52C009571EE /* Build configuration list for PBXProject "MoeBamba" */ = {
			isa = XCConfigurationList;
			buildConfigurations = (
				043A304B21BAE530009571EE /* Debug */,
				043A304C21BAE530009571EE /* Release */,
			);
			defaultConfigurationIsVisible = 0;
			defaultConfigurationName = Release;
		};
		043A304D21BAE530009571EE /* Build configuration list for PBXNativeTarget "MoeBamba" */ = {
			isa = XCConfigurationList;
			buildConfigurations = (
				043A304E21BAE530009571EE /* Debug */,
				043A304F21BAE530009571EE /* Release */,
			);
			defaultConfigurationIsVisible = 0;
			defaultConfigurationName = Release;
		};
		043A305021BAE530009571EE /* Build configuration list for PBXNativeTarget "MoeBambaTests" */ = {
			isa = XCConfigurationList;
			buildConfigurations = (
				043A305121BAE530009571EE /* Debug */,
				043A305221BAE530009571EE /* Release */,
			);
			defaultConfigurationIsVisible = 0;
			defaultConfigurationName = Release;
		};
		043A305321BAE530009571EE /* Build configuration list for PBXNativeTarget "MoeBambaUITests" */ = {
			isa = XCConfigurationList;
			buildConfigurations = (
				043A305421BAE530009571EE /* Debug */,
				043A305521BAE530009571EE /* Release */,
			);
			defaultConfigurationIsVisible = 0;
			defaultConfigurationName = Release;
		};
		04D920BC21FB722200519422 /* Build configuration list for PBXNativeTarget "MagnificationExtension" */ = {
			isa = XCConfigurationList;
			buildConfigurations = (
				04D920BD21FB722200519422 /* Debug */,
				04D920BE21FB722200519422 /* Release */,
			);
			defaultConfigurationIsVisible = 0;
			defaultConfigurationName = Release;
		};
/* End XCConfigurationList section */
	};
	rootObject = 043A301D21BAE52C009571EE /* Project object */;
}
